{
  "name": "quzeiy.blogspot.com",
  "version": "1.0.0",
  "lockfileVersion": 1,
  "requires": true,
  "dependencies": {
    "bootstrap": {
      "version": "4.5.2",
      "resolved": "https://registry.npmjs.org/bootstrap/-/bootstrap-4.5.2.tgz",
      "integrity": "sha512-vlGn0bcySYl/iV+BGA544JkkZP5LB3jsmkeKLFQakCOwCM3AOk7VkldBz4jrzSe+Z0Ezn99NVXa1o45cQY4R6A=="
    },
    "dexie": {
      "version": "3.0.2",
      "resolved": "https://registry.npmjs.org/dexie/-/dexie-3.0.2.tgz",
      "integrity": "sha512-go4FnIoAhcUiCdxutfIZRxnSaSyDgfEq+GH7N0I8nTCJbC2FmeBj+0FrETa3ln5ix+VQMOPsFeYHlgE/8SZWwQ=="
    }
  }
}
